// !$*UTF8*$!
{
	archiveVersion = 1;
	classes = {
	};
	objectVersion = 46;
	objects = {

/* Begin PBXBuildFile section */
		006D720419952D00008149E2 /* AVFoundation.framework in Frameworks */ = {isa = PBXBuildFile; fileRef = 006D720219952D00008149E2 /* AVFoundation.framework */; };
		006D720519952D00008149E2 /* CoreMedia.framework in Frameworks */ = {isa = PBXBuildFile; fileRef = 006D720319952D00008149E2 /* CoreMedia.framework */; };
		0091D8F90E81B9330029341E /* OpenGL.framework in Frameworks */ = {isa = PBXBuildFile; fileRef = 0091D8F80E81B9330029341E /* OpenGL.framework */; };
		00B784B30FF439BC000DE1D7 /* Accelerate.framework in Frameworks */ = {isa = PBXBuildFile; fileRef = 00B784AF0FF439BC000DE1D7 /* Accelerate.framework */; };
		00B784B40FF439BC000DE1D7 /* AudioToolbox.framework in Frameworks */ = {isa = PBXBuildFile; fileRef = 00B784B00FF439BC000DE1D7 /* AudioToolbox.framework */; };
		00B784B50FF439BC000DE1D7 /* AudioUnit.framework in Frameworks */ = {isa = PBXBuildFile; fileRef = 00B784B10FF439BC000DE1D7 /* AudioUnit.framework */; };
		00B784B60FF439BC000DE1D7 /* CoreAudio.framework in Frameworks */ = {isa = PBXBuildFile; fileRef = 00B784B20FF439BC000DE1D7 /* CoreAudio.framework */; };
		00B9955A1B128DF400A5C623 /* IOKit.framework in Frameworks */ = {isa = PBXBuildFile; fileRef = 00B995581B128DF400A5C623 /* IOKit.framework */; };
		00B9955B1B128DF400A5C623 /* IOSurface.framework in Frameworks */ = {isa = PBXBuildFile; fileRef = 00B995591B128DF400A5C623 /* IOSurface.framework */; };
		014C8760981C4C68AA9CD304 /* basicApp.cpp in Sources */ = {isa = PBXBuildFile; fileRef = C600C03F8F03401880433840 /* basicApp.cpp */; };
		3D56F6E020B8AAA400B6A7BC /* libOpenNI2.jni.dylib in Frameworks */ = {isa = PBXBuildFile; fileRef = 3D56F6CE20B8AAA400B6A7BC /* libOpenNI2.jni.dylib */; };
		3D56F6E120B8AAA400B6A7BC /* libPSLink.dylib in Frameworks */ = {isa = PBXBuildFile; fileRef = 3D56F6D120B8AAA400B6A7BC /* libPSLink.dylib */; };
		3D56F6E220B8AAA400B6A7BC /* libOniFile.dylib in Frameworks */ = {isa = PBXBuildFile; fileRef = 3D56F6D220B8AAA400B6A7BC /* libOniFile.dylib */; };
		3D56F6E320B8AAA400B6A7BC /* libfreenect2-openni2.dylib in Frameworks */ = {isa = PBXBuildFile; fileRef = 3D56F6D320B8AAA400B6A7BC /* libfreenect2-openni2.dylib */; };
		3D56F6E420B8AAA400B6A7BC /* libfreenect2.dylib in Frameworks */ = {isa = PBXBuildFile; fileRef = 3D56F6D420B8AAA400B6A7BC /* libfreenect2.dylib */; };
		3D56F6E620B8AAA400B6A7BC /* PS1080.ini in Resources */ = {isa = PBXBuildFile; fileRef = 3D56F6D620B8AAA400B6A7BC /* PS1080.ini */; };
		3D56F6E720B8AAA400B6A7BC /* libfreenect2.0.2.dylib in Frameworks */ = {isa = PBXBuildFile; fileRef = 3D56F6D720B8AAA400B6A7BC /* libfreenect2.0.2.dylib */; };
		3D56F6E820B8AAA400B6A7BC /* libfreenect2.0.2.0.dylib in Frameworks */ = {isa = PBXBuildFile; fileRef = 3D56F6D820B8AAA400B6A7BC /* libfreenect2.0.2.0.dylib */; };
		3D56F6E920B8AAA400B6A7BC /* PSLink.ini in Resources */ = {isa = PBXBuildFile; fileRef = 3D56F6D920B8AAA400B6A7BC /* PSLink.ini */; };
		3D56F6EA20B8AAA400B6A7BC /* libfreenect2-openni2 2.dylib in Frameworks */ = {isa = PBXBuildFile; fileRef = 3D56F6DA20B8AAA400B6A7BC /* libfreenect2-openni2 2.dylib */; settings = {ATTRIBUTES = (Weak, ); }; };
		3D56F6EB20B8AAA400B6A7BC /* libPS1080.dylib in Frameworks */ = {isa = PBXBuildFile; fileRef = 3D56F6DB20B8AAA400B6A7BC /* libPS1080.dylib */; };
		3D56F6EC20B8AAA400B6A7BC /* libfreenect2-openni2.0.dylib in Frameworks */ = {isa = PBXBuildFile; fileRef = 3D56F6DC20B8AAA400B6A7BC /* libfreenect2-openni2.0.dylib */; settings = {ATTRIBUTES = (Weak, ); }; };
		3D56F6ED20B8AAA400B6A7BC /* libOpenNI2.dylib in Frameworks */ = {isa = PBXBuildFile; fileRef = 3D56F6DD20B8AAA400B6A7BC /* libOpenNI2.dylib */; };
		3D56F6EE20B8AAA400B6A7BC /* OpenNI.ini in Resources */ = {isa = PBXBuildFile; fileRef = 3D56F6DE20B8AAA400B6A7BC /* OpenNI.ini */; };
		3D56F6EF20B8AAA400B6A7BC /* org.openni.jar in Frameworks */ = {isa = PBXBuildFile; fileRef = 3D56F6DF20B8AAA400B6A7BC /* org.openni.jar */; };
		5323E6B20EAFCA74003A9687 /* CoreVideo.framework in Frameworks */ = {isa = PBXBuildFile; fileRef = 5323E6B10EAFCA74003A9687 /* CoreVideo.framework */; };
		5D367650EA1E45C3B01F67B4 /* CinderApp.icns in Resources */ = {isa = PBXBuildFile; fileRef = 73E57F1C33904A3D9954522A /* CinderApp.icns */; };
		8D11072F0486CEB800E47090 /* Cocoa.framework in Frameworks */ = {isa = PBXBuildFile; fileRef = 1058C7A1FEA54F0111CA2CBB /* Cocoa.framework */; };
/* End PBXBuildFile section */

/* Begin PBXCopyFilesBuildPhase section */
		3D57A87320B9E21300694B67 /* CopyFiles */ = {
			isa = PBXCopyFilesBuildPhase;
			buildActionMask = 12;
			dstPath = "";
			dstSubfolderSpec = 7;
			files = (
			);
			runOnlyForDeploymentPostprocessing = 0;
		};
/* End PBXCopyFilesBuildPhase section */

/* Begin PBXFileReference section */
		0063545F841446BB96467712 /* basic_Prefix.pch */ = {isa = PBXFileReference; lastKnownFileType = "\"\""; path = basic_Prefix.pch; sourceTree = "<group>"; };
		006D720219952D00008149E2 /* AVFoundation.framework */ = {isa = PBXFileReference; lastKnownFileType = wrapper.framework; name = AVFoundation.framework; path = System/Library/Frameworks/AVFoundation.framework; sourceTree = SDKROOT; };
		006D720319952D00008149E2 /* CoreMedia.framework */ = {isa = PBXFileReference; lastKnownFileType = wrapper.framework; name = CoreMedia.framework; path = System/Library/Frameworks/CoreMedia.framework; sourceTree = SDKROOT; };
		0091D8F80E81B9330029341E /* OpenGL.framework */ = {isa = PBXFileReference; lastKnownFileType = wrapper.framework; name = OpenGL.framework; path = /System/Library/Frameworks/OpenGL.framework; sourceTree = "<absolute>"; };
		00B784AF0FF439BC000DE1D7 /* Accelerate.framework */ = {isa = PBXFileReference; lastKnownFileType = wrapper.framework; name = Accelerate.framework; path = System/Library/Frameworks/Accelerate.framework; sourceTree = SDKROOT; };
		00B784B00FF439BC000DE1D7 /* AudioToolbox.framework */ = {isa = PBXFileReference; lastKnownFileType = wrapper.framework; name = AudioToolbox.framework; path = System/Library/Frameworks/AudioToolbox.framework; sourceTree = SDKROOT; };
		00B784B10FF439BC000DE1D7 /* AudioUnit.framework */ = {isa = PBXFileReference; lastKnownFileType = wrapper.framework; name = AudioUnit.framework; path = System/Library/Frameworks/AudioUnit.framework; sourceTree = SDKROOT; };
		00B784B20FF439BC000DE1D7 /* CoreAudio.framework */ = {isa = PBXFileReference; lastKnownFileType = wrapper.framework; name = CoreAudio.framework; path = System/Library/Frameworks/CoreAudio.framework; sourceTree = SDKROOT; };
		00B995581B128DF400A5C623 /* IOKit.framework */ = {isa = PBXFileReference; lastKnownFileType = wrapper.framework; name = IOKit.framework; path = System/Library/Frameworks/IOKit.framework; sourceTree = SDKROOT; };
		00B995591B128DF400A5C623 /* IOSurface.framework */ = {isa = PBXFileReference; lastKnownFileType = wrapper.framework; name = IOSurface.framework; path = System/Library/Frameworks/IOSurface.framework; sourceTree = SDKROOT; };
		1058C7A1FEA54F0111CA2CBB /* Cocoa.framework */ = {isa = PBXFileReference; lastKnownFileType = wrapper.framework; name = Cocoa.framework; path = /System/Library/Frameworks/Cocoa.framework; sourceTree = "<absolute>"; };
		244332FDA1B3417F8E2D201F /* Info.plist */ = {isa = PBXFileReference; lastKnownFileType = text.plist.xml; path = Info.plist; sourceTree = "<group>"; };
		29B97324FDCFA39411CA2CEA /* AppKit.framework */ = {isa = PBXFileReference; lastKnownFileType = wrapper.framework; name = AppKit.framework; path = /System/Library/Frameworks/AppKit.framework; sourceTree = "<absolute>"; };
		29B97325FDCFA39411CA2CEA /* Foundation.framework */ = {isa = PBXFileReference; lastKnownFileType = wrapper.framework; name = Foundation.framework; path = /System/Library/Frameworks/Foundation.framework; sourceTree = "<absolute>"; };
		3D56F6B620B8AA5700B6A7BC /* PSLink.h */ = {isa = PBXFileReference; lastKnownFileType = sourcecode.c.h; path = PSLink.h; sourceTree = "<group>"; };
		3D56F6BA20B8AA5700B6A7BC /* OniCEnums.h */ = {isa = PBXFileReference; lastKnownFileType = sourcecode.c.h; path = OniCEnums.h; sourceTree = "<group>"; };
		3D56F6BB20B8AA5700B6A7BC /* OniPlatform.h */ = {isa = PBXFileReference; lastKnownFileType = sourcecode.c.h; path = OniPlatform.h; sourceTree = "<group>"; };
		3D56F6BC20B8AA5700B6A7BC /* PrimeSense.h */ = {isa = PBXFileReference; lastKnownFileType = sourcecode.c.h; path = PrimeSense.h; sourceTree = "<group>"; };
		3D56F6BD20B8AA5700B6A7BC /* OniEnums.h */ = {isa = PBXFileReference; lastKnownFileType = sourcecode.c.h; path = OniEnums.h; sourceTree = "<group>"; };
		3D56F6BE20B8AA5700B6A7BC /* OniVersion.h */ = {isa = PBXFileReference; lastKnownFileType = sourcecode.c.h; path = OniVersion.h; sourceTree = "<group>"; };
		3D56F6BF20B8AA5700B6A7BC /* OniProperties.h */ = {isa = PBXFileReference; lastKnownFileType = sourcecode.c.h; path = OniProperties.h; sourceTree = "<group>"; };
		3D56F6C020B8AA5800B6A7BC /* OniCTypes.h */ = {isa = PBXFileReference; lastKnownFileType = sourcecode.c.h; path = OniCTypes.h; sourceTree = "<group>"; };
		3D56F6C120B8AA5800B6A7BC /* OniCAPI.h */ = {isa = PBXFileReference; lastKnownFileType = sourcecode.c.h; path = OniCAPI.h; sourceTree = "<group>"; };
		3D56F6C220B8AA5800B6A7BC /* PS1080.h */ = {isa = PBXFileReference; lastKnownFileType = sourcecode.c.h; path = PS1080.h; sourceTree = "<group>"; };
		3D56F6C320B8AA5800B6A7BC /* OniCProperties.h */ = {isa = PBXFileReference; lastKnownFileType = sourcecode.c.h; path = OniCProperties.h; sourceTree = "<group>"; };
		3D56F6C420B8AA5800B6A7BC /* OpenNI.h */ = {isa = PBXFileReference; lastKnownFileType = sourcecode.c.h; path = OpenNI.h; sourceTree = "<group>"; };
		3D56F6CE20B8AAA400B6A7BC /* libOpenNI2.jni.dylib */ = {isa = PBXFileReference; lastKnownFileType = "compiled.mach-o.dylib"; name = libOpenNI2.jni.dylib; path = "../../../../../../../usr/local/Cellar/openni2/2.2.0-debian/lib/ni2/libOpenNI2.jni.dylib"; sourceTree = "<group>"; };
		3D56F6D120B8AAA400B6A7BC /* libPSLink.dylib */ = {isa = PBXFileReference; lastKnownFileType = "compiled.mach-o.dylib"; path = libPSLink.dylib; sourceTree = "<group>"; };
		3D56F6D220B8AAA400B6A7BC /* libOniFile.dylib */ = {isa = PBXFileReference; lastKnownFileType = "compiled.mach-o.dylib"; path = libOniFile.dylib; sourceTree = "<group>"; };
		3D56F6D320B8AAA400B6A7BC /* libfreenect2-openni2.dylib */ = {isa = PBXFileReference; lastKnownFileType = "compiled.mach-o.dylib"; path = "libfreenect2-openni2.dylib"; sourceTree = "<group>"; };
		3D56F6D420B8AAA400B6A7BC /* libfreenect2.dylib */ = {isa = PBXFileReference; lastKnownFileType = "compiled.mach-o.dylib"; path = libfreenect2.dylib; sourceTree = "<group>"; };
		3D56F6D620B8AAA400B6A7BC /* PS1080.ini */ = {isa = PBXFileReference; fileEncoding = 4; lastKnownFileType = text; path = PS1080.ini; sourceTree = "<group>"; };
		3D56F6D720B8AAA400B6A7BC /* libfreenect2.0.2.dylib */ = {isa = PBXFileReference; lastKnownFileType = "compiled.mach-o.dylib"; path = libfreenect2.0.2.dylib; sourceTree = "<group>"; };
		3D56F6D820B8AAA400B6A7BC /* libfreenect2.0.2.0.dylib */ = {isa = PBXFileReference; lastKnownFileType = "compiled.mach-o.dylib"; path = libfreenect2.0.2.0.dylib; sourceTree = "<group>"; };
		3D56F6D920B8AAA400B6A7BC /* PSLink.ini */ = {isa = PBXFileReference; fileEncoding = 4; lastKnownFileType = text; path = PSLink.ini; sourceTree = "<group>"; };
		3D56F6DA20B8AAA400B6A7BC /* libfreenect2-openni2 2.dylib */ = {isa = PBXFileReference; lastKnownFileType = "compiled.mach-o.dylib"; path = "libfreenect2-openni2 2.dylib"; sourceTree = "<group>"; };
		3D56F6DB20B8AAA400B6A7BC /* libPS1080.dylib */ = {isa = PBXFileReference; lastKnownFileType = "compiled.mach-o.dylib"; path = libPS1080.dylib; sourceTree = "<group>"; };
		3D56F6DC20B8AAA400B6A7BC /* libfreenect2-openni2.0.dylib */ = {isa = PBXFileReference; lastKnownFileType = "compiled.mach-o.dylib"; path = "libfreenect2-openni2.0.dylib"; sourceTree = "<group>"; };
		3D56F6DD20B8AAA400B6A7BC /* libOpenNI2.dylib */ = {isa = PBXFileReference; lastKnownFileType = "compiled.mach-o.dylib"; name = libOpenNI2.dylib; path = "../../../../../../../usr/local/Cellar/openni2/2.2.0-debian/lib/ni2/libOpenNI2.dylib"; sourceTree = "<group>"; };
		3D56F6DE20B8AAA400B6A7BC /* OpenNI.ini */ = {isa = PBXFileReference; fileEncoding = 4; lastKnownFileType = text; name = OpenNI.ini; path = "../../../../../../../usr/local/Cellar/openni2/2.2.0-debian/lib/ni2/OpenNI.ini"; sourceTree = "<group>"; };
		3D56F6DF20B8AAA400B6A7BC /* org.openni.jar */ = {isa = PBXFileReference; lastKnownFileType = archive.jar; name = org.openni.jar; path = "../../../../../../../usr/local/Cellar/openni2/2.2.0-debian/lib/ni2/org.openni.jar"; sourceTree = "<group>"; };
		3DE58D8F20B780EE009E3536 /* OniSampleUtilities.h */ = {isa = PBXFileReference; fileEncoding = 4; lastKnownFileType = sourcecode.c.h; path = OniSampleUtilities.h; sourceTree = "<group>"; };
		3FD0A3DD603B4457BE4BE313 /* Resources.h */ = {isa = PBXFileReference; lastKnownFileType = sourcecode.c.h; name = Resources.h; path = ../include/Resources.h; sourceTree = "<group>"; };
		5323E6B10EAFCA74003A9687 /* CoreVideo.framework */ = {isa = PBXFileReference; lastKnownFileType = wrapper.framework; name = CoreVideo.framework; path = /System/Library/Frameworks/CoreVideo.framework; sourceTree = "<absolute>"; };
		73E57F1C33904A3D9954522A /* CinderApp.icns */ = {isa = PBXFileReference; lastKnownFileType = image.icns; name = CinderApp.icns; path = ../resources/CinderApp.icns; sourceTree = "<group>"; };
		8D1107320486CEB800E47090 /* basic.app */ = {isa = PBXFileReference; explicitFileType = wrapper.application; includeInIndex = 0; path = basic.app; sourceTree = BUILT_PRODUCTS_DIR; };
		C600C03F8F03401880433840 /* basicApp.cpp */ = {isa = PBXFileReference; lastKnownFileType = sourcecode.c.cpp; name = basicApp.cpp; path = ../src/basicApp.cpp; sourceTree = "<group>"; };
/* End PBXFileReference section */

/* Begin PBXFrameworksBuildPhase section */
		8D11072E0486CEB800E47090 /* Frameworks */ = {
			isa = PBXFrameworksBuildPhase;
			buildActionMask = 2147483647;
			files = (
				3D56F6EF20B8AAA400B6A7BC /* org.openni.jar in Frameworks */,
				006D720419952D00008149E2 /* AVFoundation.framework in Frameworks */,
				006D720519952D00008149E2 /* CoreMedia.framework in Frameworks */,
				8D11072F0486CEB800E47090 /* Cocoa.framework in Frameworks */,
				0091D8F90E81B9330029341E /* OpenGL.framework in Frameworks */,
				3D56F6ED20B8AAA400B6A7BC /* libOpenNI2.dylib in Frameworks */,
				3D56F6EC20B8AAA400B6A7BC /* libfreenect2-openni2.0.dylib in Frameworks */,
				3D56F6EB20B8AAA400B6A7BC /* libPS1080.dylib in Frameworks */,
				5323E6B20EAFCA74003A9687 /* CoreVideo.framework in Frameworks */,
				3D56F6E220B8AAA400B6A7BC /* libOniFile.dylib in Frameworks */,
				00B784B30FF439BC000DE1D7 /* Accelerate.framework in Frameworks */,
				3D56F6E320B8AAA400B6A7BC /* libfreenect2-openni2.dylib in Frameworks */,
				00B784B40FF439BC000DE1D7 /* AudioToolbox.framework in Frameworks */,
				3D56F6E420B8AAA400B6A7BC /* libfreenect2.dylib in Frameworks */,
				3D56F6E020B8AAA400B6A7BC /* libOpenNI2.jni.dylib in Frameworks */,
				3D56F6E820B8AAA400B6A7BC /* libfreenect2.0.2.0.dylib in Frameworks */,
				3D56F6E120B8AAA400B6A7BC /* libPSLink.dylib in Frameworks */,
				3D56F6E720B8AAA400B6A7BC /* libfreenect2.0.2.dylib in Frameworks */,
				00B784B50FF439BC000DE1D7 /* AudioUnit.framework in Frameworks */,
				00B784B60FF439BC000DE1D7 /* CoreAudio.framework in Frameworks */,
				3D56F6EA20B8AAA400B6A7BC /* libfreenect2-openni2 2.dylib in Frameworks */,
				00B9955A1B128DF400A5C623 /* IOKit.framework in Frameworks */,
				00B9955B1B128DF400A5C623 /* IOSurface.framework in Frameworks */,
			);
			runOnlyForDeploymentPostprocessing = 0;
		};
/* End PBXFrameworksBuildPhase section */

/* Begin PBXGroup section */
		01B97315FEAEA392516A2CEA /* Blocks */ = {
			isa = PBXGroup;
			children = (
			);
			name = Blocks;
			sourceTree = "<group>";
		};
		080E96DDFE201D6D7F000001 /* Source */ = {
			isa = PBXGroup;
			children = (
				C600C03F8F03401880433840 /* basicApp.cpp */,
				3DE58D8F20B780EE009E3536 /* OniSampleUtilities.h */,
			);
			name = Source;
			sourceTree = "<group>";
		};
		1058C7A0FEA54F0111CA2CBB /* Linked Frameworks */ = {
			isa = PBXGroup;
			children = (
				006D720219952D00008149E2 /* AVFoundation.framework */,
				006D720319952D00008149E2 /* CoreMedia.framework */,
				00B784AF0FF439BC000DE1D7 /* Accelerate.framework */,
				00B784B00FF439BC000DE1D7 /* AudioToolbox.framework */,
				00B784B10FF439BC000DE1D7 /* AudioUnit.framework */,
				00B784B20FF439BC000DE1D7 /* CoreAudio.framework */,
				5323E6B10EAFCA74003A9687 /* CoreVideo.framework */,
				0091D8F80E81B9330029341E /* OpenGL.framework */,
				1058C7A1FEA54F0111CA2CBB /* Cocoa.framework */,
				00B995581B128DF400A5C623 /* IOKit.framework */,
				00B995591B128DF400A5C623 /* IOSurface.framework */,
			);
			name = "Linked Frameworks";
			sourceTree = "<group>";
		};
		1058C7A2FEA54F0111CA2CBB /* Other Frameworks */ = {
			isa = PBXGroup;
			children = (
				29B97324FDCFA39411CA2CEA /* AppKit.framework */,
				29B97325FDCFA39411CA2CEA /* Foundation.framework */,
			);
			name = "Other Frameworks";
			sourceTree = "<group>";
		};
		19C28FACFE9D520D11CA2CBB /* Products */ = {
			isa = PBXGroup;
			children = (
				8D1107320486CEB800E47090 /* basic.app */,
			);
			name = Products;
			sourceTree = "<group>";
		};
		29B97314FDCFA39411CA2CEA /* basic */ = {
			isa = PBXGroup;
			children = (
				3D56F69820B8AA0200B6A7BC /* include */,
				3D56F69720B8A9FE00B6A7BC /* lib */,
				01B97315FEAEA392516A2CEA /* Blocks */,
				29B97315FDCFA39411CA2CEA /* Headers */,
				080E96DDFE201D6D7F000001 /* Source */,
				29B97317FDCFA39411CA2CEA /* Resources */,
				29B97323FDCFA39411CA2CEA /* Frameworks */,
				19C28FACFE9D520D11CA2CBB /* Products */,
			);
			name = basic;
			sourceTree = "<group>";
		};
		29B97315FDCFA39411CA2CEA /* Headers */ = {
			isa = PBXGroup;
			children = (
				3FD0A3DD603B4457BE4BE313 /* Resources.h */,
				0063545F841446BB96467712 /* basic_Prefix.pch */,
			);
			name = Headers;
			sourceTree = "<group>";
		};
		29B97317FDCFA39411CA2CEA /* Resources */ = {
			isa = PBXGroup;
			children = (
				73E57F1C33904A3D9954522A /* CinderApp.icns */,
				244332FDA1B3417F8E2D201F /* Info.plist */,
			);
			name = Resources;
			sourceTree = "<group>";
		};
		29B97323FDCFA39411CA2CEA /* Frameworks */ = {
			isa = PBXGroup;
			children = (
				1058C7A0FEA54F0111CA2CBB /* Linked Frameworks */,
				1058C7A2FEA54F0111CA2CBB /* Other Frameworks */,
			);
			name = Frameworks;
			sourceTree = "<group>";
		};
		3D56F69720B8A9FE00B6A7BC /* lib */ = {
			isa = PBXGroup;
			children = (
				3D56F6DD20B8AAA400B6A7BC /* libOpenNI2.dylib */,
				3D56F6CE20B8AAA400B6A7BC /* libOpenNI2.jni.dylib */,
				3D56F6DE20B8AAA400B6A7BC /* OpenNI.ini */,
				3D56F6CF20B8AAA400B6A7BC /* OpenNI2 */,
				3D56F6DF20B8AAA400B6A7BC /* org.openni.jar */,
			);
			path = lib;
			sourceTree = "<group>";
		};
		3D56F69820B8AA0200B6A7BC /* include */ = {
			isa = PBXGroup;
			children = (
				3D56F6B220B8AA4C00B6A7BC /* OpenNI2 */,
			);
			path = include;
			sourceTree = "<group>";
		};
		3D56F6B220B8AA4C00B6A7BC /* OpenNI2 */ = {
			isa = PBXGroup;
			children = (
				3D56F6B720B8AA5700B6A7BC /* Android-Arm */,
				3D56F6B520B8AA5700B6A7BC /* Driver */,
				3D56F6B820B8AA5700B6A7BC /* Linux-Arm */,
				3D56F6B420B8AA5700B6A7BC /* Linux-x86 */,
				3D56F6B320B8AA5700B6A7BC /* MacOSX */,
				3D56F6C120B8AA5800B6A7BC /* OniCAPI.h */,
				3D56F6BA20B8AA5700B6A7BC /* OniCEnums.h */,
				3D56F6C320B8AA5800B6A7BC /* OniCProperties.h */,
				3D56F6C020B8AA5800B6A7BC /* OniCTypes.h */,
				3D56F6BD20B8AA5700B6A7BC /* OniEnums.h */,
				3D56F6BB20B8AA5700B6A7BC /* OniPlatform.h */,
				3D56F6BF20B8AA5700B6A7BC /* OniProperties.h */,
				3D56F6BE20B8AA5700B6A7BC /* OniVersion.h */,
				3D56F6C420B8AA5800B6A7BC /* OpenNI.h */,
				3D56F6BC20B8AA5700B6A7BC /* PrimeSense.h */,
				3D56F6C220B8AA5800B6A7BC /* PS1080.h */,
				3D56F6B620B8AA5700B6A7BC /* PSLink.h */,
				3D56F6B920B8AA5700B6A7BC /* Win32 */,
			);
			path = OpenNI2;
			sourceTree = "<group>";
		};
		3D56F6B320B8AA5700B6A7BC /* MacOSX */ = {
			isa = PBXGroup;
			children = (
			);
			path = MacOSX;
			sourceTree = "<group>";
		};
		3D56F6B420B8AA5700B6A7BC /* Linux-x86 */ = {
			isa = PBXGroup;
			children = (
			);
			path = "Linux-x86";
			sourceTree = "<group>";
		};
		3D56F6B520B8AA5700B6A7BC /* Driver */ = {
			isa = PBXGroup;
			children = (
			);
			path = Driver;
			sourceTree = "<group>";
		};
		3D56F6B720B8AA5700B6A7BC /* Android-Arm */ = {
			isa = PBXGroup;
			children = (
			);
			path = "Android-Arm";
			sourceTree = "<group>";
		};
		3D56F6B820B8AA5700B6A7BC /* Linux-Arm */ = {
			isa = PBXGroup;
			children = (
			);
			path = "Linux-Arm";
			sourceTree = "<group>";
		};
		3D56F6B920B8AA5700B6A7BC /* Win32 */ = {
			isa = PBXGroup;
			children = (
			);
			path = Win32;
			sourceTree = "<group>";
		};
		3D56F6CF20B8AAA400B6A7BC /* OpenNI2 */ = {
			isa = PBXGroup;
			children = (
				3D56F6D020B8AAA400B6A7BC /* Drivers */,
			);
			name = OpenNI2;
			path = "../../../../../../../usr/local/Cellar/openni2/2.2.0-debian/lib/ni2/OpenNI2";
			sourceTree = "<group>";
		};
		3D56F6D020B8AAA400B6A7BC /* Drivers */ = {
			isa = PBXGroup;
			children = (
				3D56F6D120B8AAA400B6A7BC /* libPSLink.dylib */,
				3D56F6D220B8AAA400B6A7BC /* libOniFile.dylib */,
				3D56F6D320B8AAA400B6A7BC /* libfreenect2-openni2.dylib */,
				3D56F6D420B8AAA400B6A7BC /* libfreenect2.dylib */,
				3D56F6D620B8AAA400B6A7BC /* PS1080.ini */,
				3D56F6D720B8AAA400B6A7BC /* libfreenect2.0.2.dylib */,
				3D56F6D820B8AAA400B6A7BC /* libfreenect2.0.2.0.dylib */,
				3D56F6D920B8AAA400B6A7BC /* PSLink.ini */,
				3D56F6DA20B8AAA400B6A7BC /* libfreenect2-openni2 2.dylib */,
				3D56F6DB20B8AAA400B6A7BC /* libPS1080.dylib */,
				3D56F6DC20B8AAA400B6A7BC /* libfreenect2-openni2.0.dylib */,
			);
			path = Drivers;
			sourceTree = "<group>";
		};
/* End PBXGroup section */

/* Begin PBXNativeTarget section */
		8D1107260486CEB800E47090 /* basic */ = {
			isa = PBXNativeTarget;
			buildConfigurationList = C01FCF4A08A954540054247B /* Build configuration list for PBXNativeTarget "basic" */;
			buildPhases = (
				8D1107290486CEB800E47090 /* Resources */,
				8D11072C0486CEB800E47090 /* Sources */,
				8D11072E0486CEB800E47090 /* Frameworks */,
				3D57A87320B9E21300694B67 /* CopyFiles */,
			);
			buildRules = (
			);
			dependencies = (
			);
			name = basic;
			productInstallPath = "$(HOME)/Applications";
			productName = basic;
			productReference = 8D1107320486CEB800E47090 /* basic.app */;
			productType = "com.apple.product-type.application";
		};
/* End PBXNativeTarget section */

/* Begin PBXProject section */
		29B97313FDCFA39411CA2CEA /* Project object */ = {
			isa = PBXProject;
			attributes = {
			};
			buildConfigurationList = C01FCF4E08A954540054247B /* Build configuration list for PBXProject "basic" */;
			compatibilityVersion = "Xcode 3.2";
			developmentRegion = English;
			hasScannedForEncodings = 1;
			knownRegions = (
				English,
				Japanese,
				French,
				German,
			);
			mainGroup = 29B97314FDCFA39411CA2CEA /* basic */;
			projectDirPath = "";
			projectRoot = "";
			targets = (
				8D1107260486CEB800E47090 /* basic */,
			);
		};
/* End PBXProject section */

/* Begin PBXResourcesBuildPhase section */
		8D1107290486CEB800E47090 /* Resources */ = {
			isa = PBXResourcesBuildPhase;
			buildActionMask = 2147483647;
			files = (
				3D56F6E620B8AAA400B6A7BC /* PS1080.ini in Resources */,
				3D56F6EE20B8AAA400B6A7BC /* OpenNI.ini in Resources */,
				5D367650EA1E45C3B01F67B4 /* CinderApp.icns in Resources */,
				3D56F6E920B8AAA400B6A7BC /* PSLink.ini in Resources */,
			);
			runOnlyForDeploymentPostprocessing = 0;
		};
/* End PBXResourcesBuildPhase section */

/* Begin PBXSourcesBuildPhase section */
		8D11072C0486CEB800E47090 /* Sources */ = {
			isa = PBXSourcesBuildPhase;
			buildActionMask = 2147483647;
			files = (
				014C8760981C4C68AA9CD304 /* basicApp.cpp in Sources */,
			);
			runOnlyForDeploymentPostprocessing = 0;
		};
/* End PBXSourcesBuildPhase section */

/* Begin XCBuildConfiguration section */
		C01FCF4B08A954540054247B /* Debug */ = {
			isa = XCBuildConfiguration;
			buildSettings = {
				ARCHS = "$(ARCHS_STANDARD)";
				COMBINE_HIDPI_IMAGES = YES;
				COPY_PHASE_STRIP = NO;
				DEAD_CODE_STRIPPING = YES;
				GCC_DYNAMIC_NO_PIC = NO;
				GCC_INLINES_ARE_PRIVATE_EXTERN = YES;
				GCC_OPTIMIZATION_LEVEL = 0;
				GCC_PRECOMPILE_PREFIX_HEADER = YES;
				GCC_PREFIX_HEADER = basic_Prefix.pch;
				GCC_PREPROCESSOR_DEFINITIONS = (
					"DEBUG=1",
					"$(inherited)",
				);
				GCC_SYMBOLS_PRIVATE_EXTERN = NO;
				HEADER_SEARCH_PATHS = (
					"\"$(CINDER_PATH)/include\"",
					"$(OPENNI2_INCLUDE)/**",
				);
				INFOPLIST_FILE = Info.plist;
				INSTALL_PATH = "$(HOME)/Applications";
				LIBRARY_SEARCH_PATHS = (
					"$(OPENNI2_REDIST)/**",
					"$(OPENNI2_REDIST)/OpenNI2/Drivers",
				);
				MACOSX_DEPLOYMENT_TARGET = 10.7;
				OPENNI2_INCLUDE = /usr/local/include/ni2;
				OPENNI2_REDIST = /usr/local/lib/ni2;
				OTHER_LDFLAGS = "\"$(CINDER_PATH)/lib/libcinder_d.a\"";
				PRODUCT_BUNDLE_IDENTIFIER = "org.libcinder.${PRODUCT_NAME:rfc1034identifier}";
				PRODUCT_NAME = basic;
				SYMROOT = ./build;
				VALID_ARCHS = "i386 x86_64";
				WRAPPER_EXTENSION = app;
			};
			name = Debug;
		};
		C01FCF4C08A954540054247B /* Release */ = {
			isa = XCBuildConfiguration;
			buildSettings = {
				ARCHS = "$(ARCHS_STANDARD)";
				COMBINE_HIDPI_IMAGES = YES;
				DEAD_CODE_STRIPPING = YES;
				DEBUG_INFORMATION_FORMAT = "dwarf-with-dsym";
				DEVELOPMENT_TEAM = Y2RGHS7W8V;
				GCC_FAST_MATH = YES;
				GCC_GENERATE_DEBUGGING_SYMBOLS = NO;
				GCC_INLINES_ARE_PRIVATE_EXTERN = YES;
				GCC_OPTIMIZATION_LEVEL = 3;
				GCC_PRECOMPILE_PREFIX_HEADER = YES;
				GCC_PREFIX_HEADER = basic_Prefix.pch;
				GCC_PREPROCESSOR_DEFINITIONS = (
					"NDEBUG=1",
					"$(inherited)",
				);
				GCC_SYMBOLS_PRIVATE_EXTERN = NO;
				HEADER_SEARCH_PATHS = (
					"\"$(CINDER_PATH)/include\"",
					"$(OPENNI2_INCLUDE)/**",
				);
				INFOPLIST_FILE = Info.plist;
				INSTALL_PATH = "$(HOME)/Applications";
				LIBRARY_SEARCH_PATHS = (
					"$(OPENNI2_REDIST)/**",
					"$(OPENNI2_REDIST)/OpenNI2/Drivers",
				);
				MACOSX_DEPLOYMENT_TARGET = 10.7;
				OPENNI2_INCLUDE = /usr/local/include/ni2;
				OPENNI2_REDIST = /usr/local/lib/ni2;
				OTHER_LDFLAGS = "\"$(CINDER_PATH)/lib/libcinder.a\"";
				PRODUCT_BUNDLE_IDENTIFIER = "org.libcinder.${PRODUCT_NAME:rfc1034identifier}";
				PRODUCT_NAME = basic;
				STRIP_INSTALLED_PRODUCT = YES;
				SYMROOT = ./build;
				VALID_ARCHS = "i386 x86_64";
				WRAPPER_EXTENSION = app;
			};
			name = Release;
		};
		C01FCF4F08A954540054247B /* Debug */ = {
			isa = XCBuildConfiguration;
			buildSettings = {
				ALWAYS_SEARCH_USER_PATHS = NO;
				CINDER_PATH = ../../../../../../Applications/cinder_0.9.0_mac;
				CLANG_CXX_LANGUAGE_STANDARD = "c++11";
				CLANG_CXX_LIBRARY = "libc++";
				ENABLE_TESTABILITY = YES;
				GCC_WARN_ABOUT_RETURN_TYPE = YES;
				GCC_WARN_UNUSED_VARIABLE = YES;
				HEADER_SEARCH_PATHS = (
					"\"$(CINDER_PATH)/include\"",
					"$(OPENNI2_INCLUDE)",
				);
				LIBRARY_SEARCH_PATHS = (
					"$(OPENNI2_REDIST)",
					"$(OPENNI2_REDIST)/OpenNI2/Drivers",
				);
				MACOSX_DEPLOYMENT_TARGET = 10.8;
				ONLY_ACTIVE_ARCH = YES;
				OPENNI2_INCLUDE = /usr/local/include/ni2;
				OPENNI2_REDIST = /usr/local/lib/ni2;
				SDKROOT = macosx;
				USER_HEADER_SEARCH_PATHS = "\"$(CINDER_PATH)/include\" ../include";
			};
			name = Debug;
		};
		C01FCF5008A954540054247B /* Release */ = {
			isa = XCBuildConfiguration;
			buildSettings = {
				ALWAYS_SEARCH_USER_PATHS = NO;
				CINDER_PATH = ../../../../../../Applications/cinder_0.9.0_mac;
				CLANG_CXX_LANGUAGE_STANDARD = "c++11";
				CLANG_CXX_LIBRARY = "libc++";
				GCC_WARN_ABOUT_RETURN_TYPE = YES;
				GCC_WARN_UNUSED_VARIABLE = YES;
				HEADER_SEARCH_PATHS = (
					"\"$(CINDER_PATH)/include\"",
					"$(OPENNI2_INCLUDE)",
				);
				LIBRARY_SEARCH_PATHS = (
					"$(OPENNI2_REDIST)",
					"$(OPENNI2_REDIST)/OpenNI2/Drivers",
				);
				MACOSX_DEPLOYMENT_TARGET = 10.8;
				OPENNI2_INCLUDE = /usr/local/include/ni2;
				OPENNI2_REDIST = /usr/local/lib/ni2;
				SDKROOT = macosx;
				USER_HEADER_SEARCH_PATHS = "\"$(CINDER_PATH)/include\" ../include";
			};
			name = Release;
		};
/* End XCBuildConfiguration section */

/* Begin XCConfigurationList section */
		C01FCF4A08A954540054247B /* Build configuration list for PBXNativeTarget "basic" */ = {
			isa = XCConfigurationList;
			buildConfigurations = (
				C01FCF4B08A954540054247B /* Debug */,
				C01FCF4C08A954540054247B /* Release */,
			);
			defaultConfigurationIsVisible = 0;
			defaultConfigurationName = Release;
		};
		C01FCF4E08A954540054247B /* Build configuration list for PBXProject "basic" */ = {
			isa = XCConfigurationList;
			buildConfigurations = (
				C01FCF4F08A954540054247B /* Debug */,
				C01FCF5008A954540054247B /* Release */,
			);
			defaultConfigurationIsVisible = 0;
			defaultConfigurationName = Release;
		};
/* End XCConfigurationList section */
	};
	rootObject = 29B97313FDCFA39411CA2CEA /* Project object */;
}
